github.com/lib/pq v1.10.9 h1:YXG7RB+JIjhP29X+OtkiDnYaXQwpS4JEWq7dtCCRUEw=
github.com/lib/pq v1.10.9/go.mod h1:AlVN5x4E4T544tWzH6hKfbfQvm3HdbOxrmggDNAPY9o=
github.com/orthwade/owd_go_logs v0.0.0-20250416204931-561ae954ddea h1:662aqbDbn7rlpm50wMGhQbby/MEsC45vhBvfLB+6VAM=
github.com/orthwade/owd_go_logs v0.0.0-20250416204931-561ae954ddea/go.mod h1:Dd8pVjvJBWR7nbV96vcDztiQ4Y1wotJSZ3MjWX5nV+8=
